
Microsoft Visual Studio Solution File, Format Version 12.00
# Visual Studio 2012
Project("{FAE04EC0-301F-11D3-BF4B-00C04F79EFBC}") = "SimpleBackupConsole", "SimpleBackupConsole\SimpleBackupConsole.csproj", "{0D1E37AD-089E-4780-98BE-723D2733DDC4}"
EndProject
Project("{FAE04EC0-301F-11D3-BF4B-00C04F79EFBC}") = "BackupUI", "BackupUI\BackupUI.csproj", "{55883973-4DAF-4B16-84A8-2FE1C2B8A3A9}"
EndProject
Global
	GlobalSection(SolutionConfigurationPlatforms) = preSolution
		Debug|Any CPU = Debug|Any CPU
		Release|Any CPU = Release|Any CPU
	EndGlobalSection
	GlobalSection(ProjectConfigurationPlatforms) = postSolution
		{0D1E37AD-089E-4780-98BE-723D2733DDC4}.Debug|Any CPU.ActiveCfg = Debug|Any CPU
		{0D1E37AD-089E-4780-98BE-723D2733DDC4}.Debug|Any CPU.Build.0 = Debug|Any CPU
		{0D1E37AD-089E-4780-98BE-723D2733DDC4}.Release|Any CPU.ActiveCfg = Release|Any CPU
		{0D1E37AD-089E-4780-98BE-723D2733DDC4}.Release|Any CPU.Build.0 = Release|Any CPU
		{55883973-4DAF-4B16-84A8-2FE1C2B8A3A9}.Debug|Any CPU.ActiveCfg = Debug|Any CPU
		{55883973-4DAF-4B16-84A8-2FE1C2B8A3A9}.Debug|Any CPU.Build.0 = Debug|Any CPU
		{55883973-4DAF-4B16-84A8-2FE1C2B8A3A9}.Release|Any CPU.ActiveCfg = Release|Any CPU
		{55883973-4DAF-4B16-84A8-2FE1C2B8A3A9}.Release|Any CPU.Build.0 = Release|Any CPU
	EndGlobalSection
	GlobalSection(SolutionProperties) = preSolution
		HideSolutionNode = FALSE
	EndGlobalSection
EndGlobal
